# This file is automatically @generated by Poetry 1.6.1 and should not be changed by hand.

[[package]]
name = "fastjsonschema"
version = "2.18.0"
description = "Fastest Python implementation of JSON schema"
optional = false
python-versions = "*"
files = [
    {file = "fastjsonschema-2.18.0-py3-none-any.whl", hash = "sha256:128039912a11a807068a7c87d0da36660afbfd7202780db26c4aa7153cfdc799"},
    {file = "fastjsonschema-2.18.0.tar.gz", hash = "sha256:e820349dd16f806e4bd1467a138dced9def4bc7d6213a34295272a6cac95b5bd"},
]

[package.extras]
devel = ["colorama", "json-spec", "jsonschema", "pylint", "pytest", "pytest-benchmark", "pytest-cache", "validictory"]

[[package]]
name = "lark"
version = "1.1.7"
description = "a modern parsing library"
optional = false
python-versions = ">=3.6"
files = [
    {file = "lark-1.1.7-py3-none-any.whl", hash = "sha256:9e5dc5bbf93fa1840083707285262514a0ef8a6613874af7ea1cec60468d6e92"},
    {file = "lark-1.1.7.tar.gz", hash = "sha256:be7437bf1f37ab08b355f29ff2571d77d777113d0a8c4352b0c513dced6c5a1e"},
]

[package.extras]
atomic-cache = ["atomicwrites"]
interegular = ["interegular (>=0.3.1,<0.4.0)"]
nearley = ["js2py"]
regex = ["regex"]

[[package]]
name = "packaging"
version = "23.1"
description = "Core utilities for Python packages"
optional = false
python-versions = ">=3.7"
files = [
    {file = "packaging-23.1-py3-none-any.whl", hash = "sha256:994793af429502c4ea2ebf6bf664629d07c1a9fe974af92966e4b8d2df7edc61"},
    {file = "packaging-23.1.tar.gz", hash = "sha256:a392980d2b6cffa644431898be54b0045151319d1e7ec34f0cfed48767dd334f"},
]

[[package]]
name = "tomli"
version = "2.0.1"
description = "A lil' TOML parser"
optional = false
python-versions = ">=3.7"
files = [
    {file = "tomli-2.0.1-py3-none-any.whl", hash = "sha256:939de3e7a6161af0c887ef91b7d41a53e7c5a1ca976325f429cb46ea9bc30ecc"},
    {file = "tomli-2.0.1.tar.gz", hash = "sha256:de526c12914f0c550d15924c62d72abc48d6fe7364aa87328337a31007fe8a4f"},
]

[metadata]
lock-version = "2.0"
python-versions = "^3.8"
content-hash = "5dbec6118793f23801483fb67ffd89cfd9d25796a1141c32ed1fad2bc026c440"
